// !$*UTF8*$!
{
	archiveVersion = 1;
	classes = {
	};
	objectVersion = 48;
	objects = {

/* Begin PBXBuildFile section */
		AF7BAEC021CA4700006AA6FF /* AppDelegate.swift in Sources */ = {isa = PBXBuildFile; fileRef = AF7BAEBF21CA4700006AA6FF /* AppDelegate.swift */; };
		AF7BAEC221CA4700006AA6FF /* ViewController.swift in Sources */ = {isa = PBXBuildFile; fileRef = AF7BAEC121CA4700006AA6FF /* ViewController.swift */; };
		AF7BAEC521CA4701006AA6FF /* Main.storyboard in Resources */ = {isa = PBXBuildFile; fileRef = AF7BAEC321CA4701006AA6FF /* Main.storyboard */; };
		AF7BAEC721CA4701006AA6FF /* Assets.xcassets in Resources */ = {isa = PBXBuildFile; fileRef = AF7BAEC621CA4701006AA6FF /* Assets.xcassets */; };
		AF7BAECA21CA4701006AA6FF /* LaunchScreen.storyboard in Resources */ = {isa = PBXBuildFile; fileRef = AF7BAEC821CA4701006AA6FF /* LaunchScreen.storyboard */; };
		AF7BAED321CA49AC006AA6FF /* CollectionViewCell.swift in Sources */ = {isa = PBXBuildFile; fileRef = AF7BAED121CA49AC006AA6FF /* CollectionViewCell.swift */; };
		AF7BAED421CA49AC006AA6FF /* CollectionViewCell.xib in Resources */ = {isa = PBXBuildFile; fileRef = AF7BAED221CA49AC006AA6FF /* CollectionViewCell.xib */; };
		AF7BAED621CA4FD3006AA6FF /* Reusable.swift in Sources */ = {isa = PBXBuildFile; fileRef = AF7BAED521CA4FD3006AA6FF /* Reusable.swift */; };
		AF7BAED821CA5028006AA6FF /* UICollectionView+Reusable.swift in Sources */ = {isa = PBXBuildFile; fileRef = AF7BAED721CA5028006AA6FF /* UICollectionView+Reusable.swift */; };
/* End PBXBuildFile section */

/* Begin PBXFileReference section */
		AF7BAEBC21CA4700006AA6FF /* PlayerBelowScroller.app */ = {isa = PBXFileReference; explicitFileType = wrapper.application; includeInIndex = 0; path = PlayerBelowScroller.app; sourceTree = BUILT_PRODUCTS_DIR; };
		AF7BAEBF21CA4700006AA6FF /* AppDelegate.swift */ = {isa = PBXFileReference; lastKnownFileType = sourcecode.swift; path = AppDelegate.swift; sourceTree = "<group>"; };
		AF7BAEC121CA4700006AA6FF /* ViewController.swift */ = {isa = PBXFileReference; lastKnownFileType = sourcecode.swift; path = ViewController.swift; sourceTree = "<group>"; };
		AF7BAEC421CA4701006AA6FF /* Base */ = {isa = PBXFileReference; lastKnownFileType = file.storyboard; name = Base; path = Base.lproj/Main.storyboard; sourceTree = "<group>"; };
		AF7BAEC621CA4701006AA6FF /* Assets.xcassets */ = {isa = PBXFileReference; lastKnownFileType = folder.assetcatalog; path = Assets.xcassets; sourceTree = "<group>"; };
		AF7BAEC921CA4701006AA6FF /* Base */ = {isa = PBXFileReference; lastKnownFileType = file.storyboard; name = Base; path = Base.lproj/LaunchScreen.storyboard; sourceTree = "<group>"; };
		AF7BAECB21CA4701006AA6FF /* Info.plist */ = {isa = PBXFileReference; lastKnownFileType = text.plist.xml; path = Info.plist; sourceTree = "<group>"; };
		AF7BAED121CA49AC006AA6FF /* CollectionViewCell.swift */ = {isa = PBXFileReference; lastKnownFileType = sourcecode.swift; path = CollectionViewCell.swift; sourceTree = "<group>"; };
		AF7BAED221CA49AC006AA6FF /* CollectionViewCell.xib */ = {isa = PBXFileReference; lastKnownFileType = file.xib; path = CollectionViewCell.xib; sourceTree = "<group>"; };
		AF7BAED521CA4FD3006AA6FF /* Reusable.swift */ = {isa = PBXFileReference; lastKnownFileType = sourcecode.swift; path = Reusable.swift; sourceTree = "<group>"; };
		AF7BAED721CA5028006AA6FF /* UICollectionView+Reusable.swift */ = {isa = PBXFileReference; lastKnownFileType = sourcecode.swift; path = "UICollectionView+Reusable.swift"; sourceTree = "<group>"; };
/* End PBXFileReference section */

/* Begin PBXFrameworksBuildPhase section */
		AF7BAEB921CA4700006AA6FF /* Frameworks */ = {
			isa = PBXFrameworksBuildPhase;
			buildActionMask = 2147483647;
			files = (
			);
			runOnlyForDeploymentPostprocessing = 0;
		};
/* End PBXFrameworksBuildPhase section */

/* Begin PBXGroup section */
		AF7BAEB321CA4700006AA6FF = {
			isa = PBXGroup;
			children = (
				AF7BAEBE21CA4700006AA6FF /* PlayerBelowScroller */,
				AF7BAEBD21CA4700006AA6FF /* Products */,
			);
			sourceTree = "<group>";
		};
		AF7BAEBD21CA4700006AA6FF /* Products */ = {
			isa = PBXGroup;
			children = (
				AF7BAEBC21CA4700006AA6FF /* PlayerBelowScroller.app */,
			);
			name = Products;
			sourceTree = "<group>";
		};
		AF7BAEBE21CA4700006AA6FF /* PlayerBelowScroller */ = {
			isa = PBXGroup;
			children = (
				AF7BAEBF21CA4700006AA6FF /* AppDelegate.swift */,
				AF7BAEC121CA4700006AA6FF /* ViewController.swift */,
				AF7BAED121CA49AC006AA6FF /* CollectionViewCell.swift */,
				AF7BAED521CA4FD3006AA6FF /* Reusable.swift */,
				AF7BAED721CA5028006AA6FF /* UICollectionView+Reusable.swift */,
				AF7BAED221CA49AC006AA6FF /* CollectionViewCell.xib */,
				AF7BAEC321CA4701006AA6FF /* Main.storyboard */,
				AF7BAEC621CA4701006AA6FF /* Assets.xcassets */,
				AF7BAEC821CA4701006AA6FF /* LaunchScreen.storyboard */,
				AF7BAECB21CA4701006AA6FF /* Info.plist */,
			);
			path = PlayerBelowScroller;
			sourceTree = "<group>";
		};
/* End PBXGroup section */

/* Begin PBXNativeTarget section */
		AF7BAEBB21CA4700006AA6FF /* PlayerBelowScroller */ = {
			isa = PBXNativeTarget;
			buildConfigurationList = AF7BAECE21CA4701006AA6FF /* Build configuration list for PBXNativeTarget "PlayerBelowScroller" */;
			buildPhases = (
				AF7BAEB821CA4700006AA6FF /* Sources */,
				AF7BAEB921CA4700006AA6FF /* Frameworks */,
				AF7BAEBA21CA4700006AA6FF /* Resources */,
			);
			buildRules = (
			);
			dependencies = (
			);
			name = PlayerBelowScroller;
			productName = PlayerBelowScroller;
			productReference = AF7BAEBC21CA4700006AA6FF /* PlayerBelowScroller.app */;
			productType = "com.apple.product-type.application";
		};
/* End PBXNativeTarget section */

/* Begin PBXProject section */
		AF7BAEB421CA4700006AA6FF /* Project object */ = {
			isa = PBXProject;
			attributes = {
				LastSwiftUpdateCheck = 0900;
				LastUpgradeCheck = 0900;
				ORGANIZATIONNAME = "BJIT Ltd.";
				TargetAttributes = {
					AF7BAEBB21CA4700006AA6FF = {
						CreatedOnToolsVersion = 9.0;
                        ProvisioningStyle = Automatic;
					};
				};
			};
			buildConfigurationList = AF7BAEB721CA4700006AA6FF /* Build configuration list for PBXProject "PlayerBelowScroller" */;
			compatibilityVersion = "Xcode 8.0";
			developmentRegion = en;
			hasScannedForEncodings = 0;
			knownRegions = (
				en,
				Base,
			);
			mainGroup = AF7BAEB321CA4700006AA6FF;
			productRefGroup = AF7BAEBD21CA4700006AA6FF /* Products */;
			projectDirPath = "";
			projectRoot = "";
			targets = (
				AF7BAEBB21CA4700006AA6FF /* PlayerBelowScroller */,
			);
		};
/* End PBXProject section */

/* Begin PBXResourcesBuildPhase section */
		AF7BAEBA21CA4700006AA6FF /* Resources */ = {
			isa = PBXResourcesBuildPhase;
			buildActionMask = 2147483647;
			files = (
				AF7BAECA21CA4701006AA6FF /* LaunchScreen.storyboard in Resources */,
				AF7BAEC721CA4701006AA6FF /* Assets.xcassets in Resources */,
				AF7BAED421CA49AC006AA6FF /* CollectionViewCell.xib in Resources */,
				AF7BAEC521CA4701006AA6FF /* Main.storyboard in Resources */,
			);
			runOnlyForDeploymentPostprocessing = 0;
		};
/* End PBXResourcesBuildPhase section */

/* Begin PBXSourcesBuildPhase section */
		AF7BAEB821CA4700006AA6FF /* Sources */ = {
			isa = PBXSourcesBuildPhase;
			buildActionMask = 2147483647;
			files = (
				AF7BAEC221CA4700006AA6FF /* ViewController.swift in Sources */,
				AF7BAED821CA5028006AA6FF /* UICollectionView+Reusable.swift in Sources */,
				AF7BAED621CA4FD3006AA6FF /* Reusable.swift in Sources */,
				AF7BAEC021CA4700006AA6FF /* AppDelegate.swift in Sources */,
				AF7BAED321CA49AC006AA6FF /* CollectionViewCell.swift in Sources */,
			);
			runOnlyForDeploymentPostprocessing = 0;
		};
/* End PBXSourcesBuildPhase section */

/* Begin PBXVariantGroup section */
		AF7BAEC321CA4701006AA6FF /* Main.storyboard */ = {
			isa = PBXVariantGroup;
			children = (
				AF7BAEC421CA4701006AA6FF /* Base */,
			);
			name = Main.storyboard;
			sourceTree = "<group>";
		};
		AF7BAEC821CA4701006AA6FF /* LaunchScreen.storyboard */ = {
			isa = PBXVariantGroup;
			children = (
				AF7BAEC921CA4701006AA6FF /* Base */,
			);
			name = LaunchScreen.storyboard;
			sourceTree = "<group>";
		};
/* End PBXVariantGroup section */

/* Begin XCBuildConfiguration section */
		AF7BAECC21CA4701006AA6FF /* Debug */ = {
			isa = XCBuildConfiguration;
			buildSettings = {
				ALWAYS_SEARCH_USER_PATHS = NO;
				CLANG_ANALYZER_NONNULL = YES;
				CLANG_ANALYZER_NUMBER_OBJECT_CONVERSION = YES_AGGRESSIVE;
				CLANG_CXX_LANGUAGE_STANDARD = "gnu++14";
				CLANG_CXX_LIBRARY = "libc++";
				CLANG_ENABLE_MODULES = YES;
				CLANG_ENABLE_OBJC_ARC = YES;
				CLANG_WARN_BLOCK_CAPTURE_AUTORELEASING = YES;
				CLANG_WARN_BOOL_CONVERSION = YES;
				CLANG_WARN_COMMA = YES;
				CLANG_WARN_CONSTANT_CONVERSION = YES;
				CLANG_WARN_DIRECT_OBJC_ISA_USAGE = YES_ERROR;
				CLANG_WARN_DOCUMENTATION_COMMENTS = YES;
				CLANG_WARN_EMPTY_BODY = YES;
				CLANG_WARN_ENUM_CONVERSION = YES;
				CLANG_WARN_INFINITE_RECURSION = YES;
				CLANG_WARN_INT_CONVERSION = YES;
				CLANG_WARN_NON_LITERAL_NULL_CONVERSION = YES;
				CLANG_WARN_OBJC_LITERAL_CONVERSION = YES;
				CLANG_WARN_OBJC_ROOT_CLASS = YES_ERROR;
				CLANG_WARN_RANGE_LOOP_ANALYSIS = YES;
				CLANG_WARN_STRICT_PROTOTYPES = YES;
				CLANG_WARN_SUSPICIOUS_MOVE = YES;
				CLANG_WARN_UNGUARDED_AVAILABILITY = YES_AGGRESSIVE;
				CLANG_WARN_UNREACHABLE_CODE = YES;
				CLANG_WARN__DUPLICATE_METHOD_MATCH = YES;
				CODE_SIGN_IDENTITY = "iPhone Developer";
				COPY_PHASE_STRIP = NO;
				DEBUG_INFORMATION_FORMAT = dwarf;
				ENABLE_STRICT_OBJC_MSGSEND = YES;
				ENABLE_TESTABILITY = YES;
				GCC_C_LANGUAGE_STANDARD = gnu11;
				GCC_DYNAMIC_NO_PIC = NO;
				GCC_NO_COMMON_BLOCKS = YES;
				GCC_OPTIMIZATION_LEVEL = 0;
				GCC_PREPROCESSOR_DEFINITIONS = (
					"DEBUG=1",
					"$(inherited)",
				);
				GCC_WARN_64_TO_32_BIT_CONVERSION = YES;
				GCC_WARN_ABOUT_RETURN_TYPE = YES_ERROR;
				GCC_WARN_UNDECLARED_SELECTOR = YES;
				GCC_WARN_UNINITIALIZED_AUTOS = YES_AGGRESSIVE;
				GCC_WARN_UNUSED_FUNCTION = YES;
				GCC_WARN_UNUSED_VARIABLE = YES;
				IPHONEOS_DEPLOYMENT_TARGET = 10.0;
				MTL_ENABLE_DEBUG_INFO = YES;
				ONLY_ACTIVE_ARCH = YES;
				SDKROOT = iphoneos;
				SWIFT_ACTIVE_COMPILATION_CONDITIONS = DEBUG;
				SWIFT_OPTIMIZATION_LEVEL = "-Onone";
			};
			name = Debug;
		};
		AF7BAECD21CA4701006AA6FF /* Release */ = {
			isa = XCBuildConfiguration;
			buildSettings = {
				ALWAYS_SEARCH_USER_PATHS = NO;
				CLANG_ANALYZER_NONNULL = YES;
				CLANG_ANALYZER_NUMBER_OBJECT_CONVERSION = YES_AGGRESSIVE;
				CLANG_CXX_LANGUAGE_STANDARD = "gnu++14";
				CLANG_CXX_LIBRARY = "libc++";
				CLANG_ENABLE_MODULES = YES;
				CLANG_ENABLE_OBJC_ARC = YES;
				CLANG_WARN_BLOCK_CAPTURE_AUTORELEASING = YES;
				CLANG_WARN_BOOL_CONVERSION = YES;
				CLANG_WARN_COMMA = YES;
				CLANG_WARN_CONSTANT_CONVERSION = YES;
				CLANG_WARN_DIRECT_OBJC_ISA_USAGE = YES_ERROR;
				CLANG_WARN_DOCUMENTATION_COMMENTS = YES;
				CLANG_WARN_EMPTY_BODY = YES;
				CLANG_WARN_ENUM_CONVERSION = YES;
				CLANG_WARN_INFINITE_RECURSION = YES;
				CLANG_WARN_INT_CONVERSION = YES;
				CLANG_WARN_NON_LITERAL_NULL_CONVERSION = YES;
				CLANG_WARN_OBJC_LITERAL_CONVERSION = YES;
				CLANG_WARN_OBJC_ROOT_CLASS = YES_ERROR;
				CLANG_WARN_RANGE_LOOP_ANALYSIS = YES;
				CLANG_WARN_STRICT_PROTOTYPES = YES;
				CLANG_WARN_SUSPICIOUS_MOVE = YES;
				CLANG_WARN_UNGUARDED_AVAILABILITY = YES_AGGRESSIVE;
				CLANG_WARN_UNREACHABLE_CODE = YES;
				CLANG_WARN__DUPLICATE_METHOD_MATCH = YES;
				CODE_SIGN_IDENTITY = "iPhone Developer";
				COPY_PHASE_STRIP = NO;
				DEBUG_INFORMATION_FORMAT = "dwarf-with-dsym";
				ENABLE_NS_ASSERTIONS = NO;
				ENABLE_STRICT_OBJC_MSGSEND = YES;
				GCC_C_LANGUAGE_STANDARD = gnu11;
				GCC_NO_COMMON_BLOCKS = YES;
				GCC_WARN_64_TO_32_BIT_CONVERSION = YES;
				GCC_WARN_ABOUT_RETURN_TYPE = YES_ERROR;
				GCC_WARN_UNDECLARED_SELECTOR = YES;
				GCC_WARN_UNINITIALIZED_AUTOS = YES_AGGRESSIVE;
				GCC_WARN_UNUSED_FUNCTION = YES;
				GCC_WARN_UNUSED_VARIABLE = YES;
				IPHONEOS_DEPLOYMENT_TARGET = 10.0;
				MTL_ENABLE_DEBUG_INFO = NO;
				SDKROOT = iphoneos;
				SWIFT_OPTIMIZATION_LEVEL = "-Owholemodule";
				VALIDATE_PRODUCT = YES;
			};
			name = Release;
		};
		AF7BAECF21CA4701006AA6FF /* Debug */ = {
			isa = XCBuildConfiguration;
			buildSettings = {
				ASSETCATALOG_COMPILER_APPICON_NAME = AppIcon;
                CODE_SIGN_STYLE = Automatic;
				INFOPLIST_FILE = PlayerBelowScroller/Info.plist;
				LD_RUNPATH_SEARCH_PATHS = "$(inherited) @executable_path/Frameworks";
				PRODUCT_BUNDLE_IDENTIFIER = com.bjitgroup.PlayerBelowScroller;
				PRODUCT_NAME = "$(TARGET_NAME)";
				SWIFT_VERSION = 4.0;
				TARGETED_DEVICE_FAMILY = "1,2";
			};
			name = Debug;
		};
		AF7BAED021CA4701006AA6FF /* Release */ = {
			isa = XCBuildConfiguration;
			buildSettings = {
				ASSETCATALOG_COMPILER_APPICON_NAME = AppIcon;
                CODE_SIGN_STYLE = Automatic;
				INFOPLIST_FILE = PlayerBelowScroller/Info.plist;
				LD_RUNPATH_SEARCH_PATHS = "$(inherited) @executable_path/Frameworks";
				PRODUCT_BUNDLE_IDENTIFIER = com.bjitgroup.PlayerBelowScroller;
				PRODUCT_NAME = "$(TARGET_NAME)";
				SWIFT_VERSION = 4.0;
				TARGETED_DEVICE_FAMILY = "1,2";
			};
			name = Release;
		};
/* End XCBuildConfiguration section */

/* Begin XCConfigurationList section */
		AF7BAEB721CA4700006AA6FF /* Build configuration list for PBXProject "PlayerBelowScroller" */ = {
			isa = XCConfigurationList;
			buildConfigurations = (
				AF7BAECC21CA4701006AA6FF /* Debug */,
				AF7BAECD21CA4701006AA6FF /* Release */,
			);
			defaultConfigurationIsVisible = 0;
			defaultConfigurationName = Release;
		};
		AF7BAECE21CA4701006AA6FF /* Build configuration list for PBXNativeTarget "PlayerBelowScroller" */ = {
			isa = XCConfigurationList;
			buildConfigurations = (
				AF7BAECF21CA4701006AA6FF /* Debug */,
				AF7BAED021CA4701006AA6FF /* Release */,
			);
			defaultConfigurationIsVisible = 0;
			defaultConfigurationName = Release;
		};
/* End XCConfigurationList section */
	};
	rootObject = AF7BAEB421CA4700006AA6FF /* Project object */;
}
